
Microsoft Visual Studio Solution File, Format Version 12.00
# Visual Studio 2013
VisualStudioVersion = 12.0.21005.1
MinimumVisualStudioVersion = 10.0.40219.1
Project("{FAE04EC0-301F-11D3-BF4B-00C04F79EFBC}") = "MyOApp.Library", "MyOApp.Library\MyOApp.Library.csproj", "{B3A4D141-0224-4701-B1A2-0E5D71B8AF47}"
EndProject
Project("{FAE04EC0-301F-11D3-BF4B-00C04F79EFBC}") = "MyOApp.Phone", "MyOApp.Phone\MyOApp.Phone.csproj", "{9D243FB5-BDAE-446D-B685-586662B9CD75}"
EndProject
Project("{FAE04EC0-301F-11D3-BF4B-00C04F79EFBC}") = "MyOApp.WindowsStore", "MyOApp.WindowsStore\MyOApp.WindowsStore.csproj", "{31C74E7A-919F-41C9-8B81-087938CE36FA}"
EndProject
Global
	GlobalSection(SolutionConfigurationPlatforms) = preSolution
		Debug|Any CPU = Debug|Any CPU
		Debug|ARM = Debug|ARM
		Debug|x64 = Debug|x64
		Debug|x86 = Debug|x86
		Release|Any CPU = Release|Any CPU
		Release|ARM = Release|ARM
		Release|x64 = Release|x64
		Release|x86 = Release|x86
	EndGlobalSection
	GlobalSection(ProjectConfigurationPlatforms) = postSolution
		{B3A4D141-0224-4701-B1A2-0E5D71B8AF47}.Debug|Any CPU.ActiveCfg = Debug|Any CPU
		{B3A4D141-0224-4701-B1A2-0E5D71B8AF47}.Debug|Any CPU.Build.0 = Debug|Any CPU
		{B3A4D141-0224-4701-B1A2-0E5D71B8AF47}.Debug|ARM.ActiveCfg = Debug|Any CPU
		{B3A4D141-0224-4701-B1A2-0E5D71B8AF47}.Debug|x64.ActiveCfg = Debug|Any CPU
		{B3A4D141-0224-4701-B1A2-0E5D71B8AF47}.Debug|x86.ActiveCfg = Debug|Any CPU
		{B3A4D141-0224-4701-B1A2-0E5D71B8AF47}.Release|Any CPU.ActiveCfg = Release|Any CPU
		{B3A4D141-0224-4701-B1A2-0E5D71B8AF47}.Release|Any CPU.Build.0 = Release|Any CPU
		{B3A4D141-0224-4701-B1A2-0E5D71B8AF47}.Release|ARM.ActiveCfg = Release|Any CPU
		{B3A4D141-0224-4701-B1A2-0E5D71B8AF47}.Release|x64.ActiveCfg = Release|Any CPU
		{B3A4D141-0224-4701-B1A2-0E5D71B8AF47}.Release|x86.ActiveCfg = Release|Any CPU
		{9D243FB5-BDAE-446D-B685-586662B9CD75}.Debug|Any CPU.ActiveCfg = Debug|Any CPU
		{9D243FB5-BDAE-446D-B685-586662B9CD75}.Debug|Any CPU.Build.0 = Debug|Any CPU
		{9D243FB5-BDAE-446D-B685-586662B9CD75}.Debug|Any CPU.Deploy.0 = Debug|Any CPU
		{9D243FB5-BDAE-446D-B685-586662B9CD75}.Debug|ARM.ActiveCfg = Debug|ARM
		{9D243FB5-BDAE-446D-B685-586662B9CD75}.Debug|ARM.Build.0 = Debug|ARM
		{9D243FB5-BDAE-446D-B685-586662B9CD75}.Debug|ARM.Deploy.0 = Debug|ARM
		{9D243FB5-BDAE-446D-B685-586662B9CD75}.Debug|x64.ActiveCfg = Debug|Any CPU
		{9D243FB5-BDAE-446D-B685-586662B9CD75}.Debug|x86.ActiveCfg = Debug|x86
		{9D243FB5-BDAE-446D-B685-586662B9CD75}.Debug|x86.Build.0 = Debug|x86
		{9D243FB5-BDAE-446D-B685-586662B9CD75}.Debug|x86.Deploy.0 = Debug|x86
		{9D243FB5-BDAE-446D-B685-586662B9CD75}.Release|Any CPU.ActiveCfg = Release|Any CPU
		{9D243FB5-BDAE-446D-B685-586662B9CD75}.Release|Any CPU.Build.0 = Release|Any CPU
		{9D243FB5-BDAE-446D-B685-586662B9CD75}.Release|Any CPU.Deploy.0 = Release|Any CPU
		{9D243FB5-BDAE-446D-B685-586662B9CD75}.Release|ARM.ActiveCfg = Release|ARM
		{9D243FB5-BDAE-446D-B685-586662B9CD75}.Release|ARM.Build.0 = Release|ARM
		{9D243FB5-BDAE-446D-B685-586662B9CD75}.Release|ARM.Deploy.0 = Release|ARM
		{9D243FB5-BDAE-446D-B685-586662B9CD75}.Release|x64.ActiveCfg = Release|Any CPU
		{9D243FB5-BDAE-446D-B685-586662B9CD75}.Release|x86.ActiveCfg = Release|x86
		{9D243FB5-BDAE-446D-B685-586662B9CD75}.Release|x86.Build.0 = Release|x86
		{9D243FB5-BDAE-446D-B685-586662B9CD75}.Release|x86.Deploy.0 = Release|x86
		{31C74E7A-919F-41C9-8B81-087938CE36FA}.Debug|Any CPU.ActiveCfg = Debug|Any CPU
		{31C74E7A-919F-41C9-8B81-087938CE36FA}.Debug|Any CPU.Deploy.0 = Debug|Any CPU
		{31C74E7A-919F-41C9-8B81-087938CE36FA}.Debug|ARM.ActiveCfg = Debug|ARM
		{31C74E7A-919F-41C9-8B81-087938CE36FA}.Debug|ARM.Build.0 = Debug|ARM
		{31C74E7A-919F-41C9-8B81-087938CE36FA}.Debug|ARM.Deploy.0 = Debug|ARM
		{31C74E7A-919F-41C9-8B81-087938CE36FA}.Debug|x64.ActiveCfg = Debug|x64
		{31C74E7A-919F-41C9-8B81-087938CE36FA}.Debug|x64.Build.0 = Debug|x64
		{31C74E7A-919F-41C9-8B81-087938CE36FA}.Debug|x64.Deploy.0 = Debug|x64
		{31C74E7A-919F-41C9-8B81-087938CE36FA}.Debug|x86.ActiveCfg = Debug|x86
		{31C74E7A-919F-41C9-8B81-087938CE36FA}.Debug|x86.Build.0 = Debug|x86
		{31C74E7A-919F-41C9-8B81-087938CE36FA}.Debug|x86.Deploy.0 = Debug|x86
		{31C74E7A-919F-41C9-8B81-087938CE36FA}.Release|Any CPU.ActiveCfg = Release|Any CPU
		{31C74E7A-919F-41C9-8B81-087938CE36FA}.Release|Any CPU.Build.0 = Release|Any CPU
		{31C74E7A-919F-41C9-8B81-087938CE36FA}.Release|Any CPU.Deploy.0 = Release|Any CPU
		{31C74E7A-919F-41C9-8B81-087938CE36FA}.Release|ARM.ActiveCfg = Release|ARM
		{31C74E7A-919F-41C9-8B81-087938CE36FA}.Release|ARM.Build.0 = Release|ARM
		{31C74E7A-919F-41C9-8B81-087938CE36FA}.Release|ARM.Deploy.0 = Release|ARM
		{31C74E7A-919F-41C9-8B81-087938CE36FA}.Release|x64.ActiveCfg = Release|x64
		{31C74E7A-919F-41C9-8B81-087938CE36FA}.Release|x64.Build.0 = Release|x64
		{31C74E7A-919F-41C9-8B81-087938CE36FA}.Release|x64.Deploy.0 = Release|x64
		{31C74E7A-919F-41C9-8B81-087938CE36FA}.Release|x86.ActiveCfg = Release|x86
		{31C74E7A-919F-41C9-8B81-087938CE36FA}.Release|x86.Build.0 = Release|x86
		{31C74E7A-919F-41C9-8B81-087938CE36FA}.Release|x86.Deploy.0 = Release|x86
	EndGlobalSection
	GlobalSection(SolutionProperties) = preSolution
		HideSolutionNode = FALSE
	EndGlobalSection
EndGlobal
